
Microsoft Visual Studio Solution File, Format Version 12.00
# Visual Studio Version 16
VisualStudioVersion = 16.0.30114.105
MinimumVisualStudioVersion = 10.0.40219.1
Project("{FAE04EC0-301F-11D3-BF4B-00C04F79EFBC}") = "DemoAPI", "DemoAPI\DemoAPI.csproj", "{97CC9A89-1EB5-4608-A525-82A1CD0B4977}"
EndProject
Global
	GlobalSection(SolutionConfigurationPlatforms) = preSolution
		Debug|Any CPU = Debug|Any CPU
		Release|Any CPU = Release|Any CPU
	EndGlobalSection
	GlobalSection(ProjectConfigurationPlatforms) = postSolution
		{97CC9A89-1EB5-4608-A525-82A1CD0B4977}.Debug|Any CPU.ActiveCfg = Debug|Any CPU
		{97CC9A89-1EB5-4608-A525-82A1CD0B4977}.Debug|Any CPU.Build.0 = Debug|Any CPU
		{97CC9A89-1EB5-4608-A525-82A1CD0B4977}.Release|Any CPU.ActiveCfg = Release|Any CPU
		{97CC9A89-1EB5-4608-A525-82A1CD0B4977}.Release|Any CPU.Build.0 = Release|Any CPU
	EndGlobalSection
	GlobalSection(SolutionProperties) = preSolution
		HideSolutionNode = FALSE
	EndGlobalSection
	GlobalSection(ExtensibilityGlobals) = postSolution
		SolutionGuid = {29182EE6-E873-4F99-847B-3558D13F8119}
	EndGlobalSection
EndGlobal
