
Microsoft Visual Studio Solution File, Format Version 12.00
# Visual Studio Version 16
VisualStudioVersion = 16.0.30114.105
MinimumVisualStudioVersion = 10.0.40219.1
Project("{9A19103F-16F7-4668-BE54-9A1E7A4F7556}") = "HttpClientDemo", "HttpClientDemo\HttpClientDemo.csproj", "{B4948B7A-E02B-4628-A5F8-6E58B0B0AE2F}"
EndProject
Global
	GlobalSection(SolutionConfigurationPlatforms) = preSolution
		Debug|Any CPU = Debug|Any CPU
		Release|Any CPU = Release|Any CPU
	EndGlobalSection
	GlobalSection(ProjectConfigurationPlatforms) = postSolution
		{B4948B7A-E02B-4628-A5F8-6E58B0B0AE2F}.Debug|Any CPU.ActiveCfg = Debug|Any CPU
		{B4948B7A-E02B-4628-A5F8-6E58B0B0AE2F}.Debug|Any CPU.Build.0 = Debug|Any CPU
		{B4948B7A-E02B-4628-A5F8-6E58B0B0AE2F}.Release|Any CPU.ActiveCfg = Release|Any CPU
		{B4948B7A-E02B-4628-A5F8-6E58B0B0AE2F}.Release|Any CPU.Build.0 = Release|Any CPU
	EndGlobalSection
	GlobalSection(SolutionProperties) = preSolution
		HideSolutionNode = FALSE
	EndGlobalSection
	GlobalSection(ExtensibilityGlobals) = postSolution
		SolutionGuid = {408D8DB2-3FB9-49A6-A53F-5039CE10F7C8}
	EndGlobalSection
EndGlobal
